# generated by rye
# use `rye lock` or `rye sync` to update this lockfile
#
# last locked with the following flags:
#   pre: false
#   features: []
#   all-features: false
#   with-sources: false

-e file:.
black==24.3.0
certifi==2024.2.2
    # via requests
cfgv==3.4.0
    # via pre-commit
charset-normalizer==3.3.2
    # via requests
click==8.1.7
    # via black
colorama==0.4.6
    # via click
    # via tqdm
contourpy==1.2.0
    # via matplotlib
cycler==0.12.1
    # via matplotlib
decorator==5.1.1
    # via mne
distlib==0.3.8
    # via virtualenv
edflib-python==1.0.8
    # via tmsi
filelock==3.13.3
    # via virtualenv
fonttools==4.50.0
    # via matplotlib
identify==2.5.35
    # via pre-commit
idna==3.6
    # via requests
jinja2==3.1.3
    # via mne
kiwisolver==1.4.5
    # via matplotlib
lazy-loader==0.3
    # via mne
markupsafe==2.1.5
    # via jinja2
matplotlib==3.8.3
    # via mne
mne==1.6.1
    # via mne-lsl
    # via tmsi
mne-lsl==1.2.0
    # via tmsi
mypy-extensions==1.0.0
    # via black
nodeenv==1.8.0
    # via pre-commit
numpy==1.26.4
    # via contourpy
    # via edflib-python
    # via matplotlib
    # via mne
    # via mne-lsl
    # via pandas
    # via pyqtgraph
    # via pyxdf
    # via scipy
    # via tmsi
packaging==24.0
    # via black
    # via matplotlib
    # via mne
    # via mne-lsl
    # via pooch
    # via qtpy
pandas==2.2.1
    # via tmsi
pathspec==0.12.1
    # via black
pillow==10.2.0
    # via matplotlib
platformdirs==4.2.0
    # via black
    # via pooch
    # via virtualenv
pooch==1.8.1
    # via mne
    # via mne-lsl
pre-commit==3.7.0
psutil==5.9.8
    # via mne-lsl
pylsl==1.16.2
    # via tmsi
pyparsing==3.1.2
    # via matplotlib
pyqtgraph==0.13.4
    # via mne-lsl
python-dateutil==2.9.0.post0
    # via matplotlib
    # via pandas
pytz==2024.1
    # via pandas
pyxdf==1.16.5
    # via tmsi
pyyaml==6.0.1
    # via pre-commit
qtpy==2.4.1
    # via mne-lsl
requests==2.31.0
    # via mne-lsl
    # via pooch
ruff==0.3.3
scipy==1.12.0
    # via mne
    # via mne-lsl
    # via tmsi
setuptools==69.2.0
    # via nodeenv
six==1.16.0
    # via python-dateutil
tqdm==4.66.2
    # via mne
tzdata==2024.1
    # via pandas
urllib3==2.2.1
    # via requests
virtualenv==20.25.1
    # via pre-commit
